
Microsoft Visual Studio Solution File, Format Version 12.00
# Visual Studio Version 17
VisualStudioVersion = 17.8.34601.278
MinimumVisualStudioVersion = 10.0.40219.1
Project("{FAE04EC0-301F-11D3-BF4B-00C04F79EFBC}") = "Altinn.Correspondence.Core", "src\Altinn.Correspondence.Core\Altinn.Correspondence.Core.csproj", "{28B9820A-981B-4AED-BA75-B43D9BEFCFF9}"
EndProject
Project("{9A19103F-16F7-4668-BE54-9A1E7A4F7556}") = "Altinn.Correspondence.API", "src\Altinn.Correspondence.API\Altinn.Correspondence.API.csproj", "{F7FC66C9-8BA5-4E3F-913B-0624CDE9C65A}"
EndProject
Global
	GlobalSection(SolutionConfigurationPlatforms) = preSolution
		Debug|Any CPU = Debug|Any CPU
		Release|Any CPU = Release|Any CPU
	EndGlobalSection
	GlobalSection(ProjectConfigurationPlatforms) = postSolution
		{28B9820A-981B-4AED-BA75-B43D9BEFCFF9}.Debug|Any CPU.ActiveCfg = Debug|Any CPU
		{28B9820A-981B-4AED-BA75-B43D9BEFCFF9}.Debug|Any CPU.Build.0 = Debug|Any CPU
		{28B9820A-981B-4AED-BA75-B43D9BEFCFF9}.Release|Any CPU.ActiveCfg = Release|Any CPU
		{28B9820A-981B-4AED-BA75-B43D9BEFCFF9}.Release|Any CPU.Build.0 = Release|Any CPU
		{F7FC66C9-8BA5-4E3F-913B-0624CDE9C65A}.Debug|Any CPU.ActiveCfg = Debug|Any CPU
		{F7FC66C9-8BA5-4E3F-913B-0624CDE9C65A}.Debug|Any CPU.Build.0 = Debug|Any CPU
		{F7FC66C9-8BA5-4E3F-913B-0624CDE9C65A}.Release|Any CPU.ActiveCfg = Release|Any CPU
		{F7FC66C9-8BA5-4E3F-913B-0624CDE9C65A}.Release|Any CPU.Build.0 = Release|Any CPU
	EndGlobalSection
	GlobalSection(SolutionProperties) = preSolution
		HideSolutionNode = FALSE
	EndGlobalSection
	GlobalSection(ExtensibilityGlobals) = postSolution
		SolutionGuid = {3508DF12-D3DE-4956-ABAB-31D7321B72C7}
	EndGlobalSection
EndGlobal
