
Microsoft Visual Studio Solution File, Format Version 12.00
# Visual Studio Version 17
VisualStudioVersion = 17.8.34601.278
MinimumVisualStudioVersion = 10.0.40219.1
Project("{FAE04EC0-301F-11D3-BF4B-00C04F79EFBC}") = "Altinn.Correspondence.Core", "src\Altinn.Correspondence.Core\Altinn.Correspondence.Core.csproj", "{28B9820A-981B-4AED-BA75-B43D9BEFCFF9}"
EndProject
Project("{9A19103F-16F7-4668-BE54-9A1E7A4F7556}") = "Altinn.Correspondence.API", "src\Altinn.Correspondence.API\Altinn.Correspondence.API.csproj", "{F7FC66C9-8BA5-4E3F-913B-0624CDE9C65A}"
EndProject
Project("{FAE04EC0-301F-11D3-BF4B-00C04F79EFBC}") = "Altinn.Correspondence.Persistence", "src\Altinn.Correspondence.Persistence\Altinn.Correspondence.Persistence.csproj", "{D139FEEB-DAC3-4874-9608-CF8801F1C0C2}"
EndProject
Project("{FAE04EC0-301F-11D3-BF4B-00C04F79EFBC}") = "Altinn.Correspondence.Application", "src\Altinn.Correspondence.Application\Altinn.Correspondence.Application.csproj", "{820A2274-CE87-40D5-B173-CCBC3E805D9C}"
EndProject
Project("{2150E333-8FDC-42A3-9474-1A3956D46DE8}") = "Test", "Test", "{DC791FEF-108F-4773-8B84-56986CB90767}"
EndProject
Project("{FAE04EC0-301F-11D3-BF4B-00C04F79EFBC}") = "Altinn.Correspondence.Tests", "Test\Altinn.Correspondence.Tests\Altinn.Correspondence.Tests.csproj", "{D78A36B1-D457-4FF7-B01E-82A0C3C64EDC}"
EndProject
Project("{FAE04EC0-301F-11D3-BF4B-00C04F79EFBC}") = "Altinn.Correspondence.Integrations", "src\Altinn.Correspondence.Integrations\Altinn.Correspondence.Integrations.csproj", "{5C88BAAD-CF82-4D7A-8FB6-879605EF4E03}"
EndProject
Global
	GlobalSection(SolutionConfigurationPlatforms) = preSolution
		Debug|Any CPU = Debug|Any CPU
		Release|Any CPU = Release|Any CPU
	EndGlobalSection
	GlobalSection(ProjectConfigurationPlatforms) = postSolution
		{28B9820A-981B-4AED-BA75-B43D9BEFCFF9}.Debug|Any CPU.ActiveCfg = Debug|Any CPU
		{28B9820A-981B-4AED-BA75-B43D9BEFCFF9}.Debug|Any CPU.Build.0 = Debug|Any CPU
		{28B9820A-981B-4AED-BA75-B43D9BEFCFF9}.Release|Any CPU.ActiveCfg = Release|Any CPU
		{28B9820A-981B-4AED-BA75-B43D9BEFCFF9}.Release|Any CPU.Build.0 = Release|Any CPU
		{F7FC66C9-8BA5-4E3F-913B-0624CDE9C65A}.Debug|Any CPU.ActiveCfg = Debug|Any CPU
		{F7FC66C9-8BA5-4E3F-913B-0624CDE9C65A}.Debug|Any CPU.Build.0 = Debug|Any CPU
		{F7FC66C9-8BA5-4E3F-913B-0624CDE9C65A}.Release|Any CPU.ActiveCfg = Release|Any CPU
		{F7FC66C9-8BA5-4E3F-913B-0624CDE9C65A}.Release|Any CPU.Build.0 = Release|Any CPU
		{D139FEEB-DAC3-4874-9608-CF8801F1C0C2}.Debug|Any CPU.ActiveCfg = Debug|Any CPU
		{D139FEEB-DAC3-4874-9608-CF8801F1C0C2}.Debug|Any CPU.Build.0 = Debug|Any CPU
		{D139FEEB-DAC3-4874-9608-CF8801F1C0C2}.Release|Any CPU.ActiveCfg = Release|Any CPU
		{D139FEEB-DAC3-4874-9608-CF8801F1C0C2}.Release|Any CPU.Build.0 = Release|Any CPU
		{820A2274-CE87-40D5-B173-CCBC3E805D9C}.Debug|Any CPU.ActiveCfg = Debug|Any CPU
		{820A2274-CE87-40D5-B173-CCBC3E805D9C}.Debug|Any CPU.Build.0 = Debug|Any CPU
		{820A2274-CE87-40D5-B173-CCBC3E805D9C}.Release|Any CPU.ActiveCfg = Release|Any CPU
		{820A2274-CE87-40D5-B173-CCBC3E805D9C}.Release|Any CPU.Build.0 = Release|Any CPU
		{D78A36B1-D457-4FF7-B01E-82A0C3C64EDC}.Debug|Any CPU.ActiveCfg = Debug|Any CPU
		{D78A36B1-D457-4FF7-B01E-82A0C3C64EDC}.Debug|Any CPU.Build.0 = Debug|Any CPU
		{D78A36B1-D457-4FF7-B01E-82A0C3C64EDC}.Release|Any CPU.ActiveCfg = Release|Any CPU
		{D78A36B1-D457-4FF7-B01E-82A0C3C64EDC}.Release|Any CPU.Build.0 = Release|Any CPU
		{5C88BAAD-CF82-4D7A-8FB6-879605EF4E03}.Debug|Any CPU.ActiveCfg = Debug|Any CPU
		{5C88BAAD-CF82-4D7A-8FB6-879605EF4E03}.Debug|Any CPU.Build.0 = Debug|Any CPU
		{5C88BAAD-CF82-4D7A-8FB6-879605EF4E03}.Release|Any CPU.ActiveCfg = Release|Any CPU
		{5C88BAAD-CF82-4D7A-8FB6-879605EF4E03}.Release|Any CPU.Build.0 = Release|Any CPU
	EndGlobalSection
	GlobalSection(SolutionProperties) = preSolution
		HideSolutionNode = FALSE
	EndGlobalSection
	GlobalSection(ExtensibilityGlobals) = postSolution
		SolutionGuid = {3508DF12-D3DE-4956-ABAB-31D7321B72C7}
	EndGlobalSection
	GlobalSection(NestedProjects) = preSolution
		{D78A36B1-D457-4FF7-B01E-82A0C3C64EDC} = {DC791FEF-108F-4773-8B84-56986CB90767}
	EndGlobalSection
EndGlobal
